// !$*UTF8*$!
{
	archiveVersion = 1;
	classes = {
	};
	objectVersion = 51;
	objects = {

/* Begin PBXBuildFile section */
		24DA13FE7719B61041A872B7 /* Pods_FlixTests.framework in Frameworks */ = {isa = PBXBuildFile; fileRef = 331B9521B5169CBBA4175CEE /* Pods_FlixTests.framework */; };
		580658D126838C45001CA15A /* AppDelegate.m in Sources */ = {isa = PBXBuildFile; fileRef = 580658D026838C45001CA15A /* AppDelegate.m */; };
		580658D426838C45001CA15A /* SceneDelegate.m in Sources */ = {isa = PBXBuildFile; fileRef = 580658D326838C45001CA15A /* SceneDelegate.m */; };
		580658DA26838C45001CA15A /* Main.storyboard in Resources */ = {isa = PBXBuildFile; fileRef = 580658D826838C45001CA15A /* Main.storyboard */; };
		580658DC26838C46001CA15A /* Assets.xcassets in Resources */ = {isa = PBXBuildFile; fileRef = 580658DB26838C46001CA15A /* Assets.xcassets */; };
		580658DF26838C46001CA15A /* LaunchScreen.storyboard in Resources */ = {isa = PBXBuildFile; fileRef = 580658DD26838C46001CA15A /* LaunchScreen.storyboard */; };
		580658E226838C46001CA15A /* main.m in Sources */ = {isa = PBXBuildFile; fileRef = 580658E126838C46001CA15A /* main.m */; };
		580658EC26838C46001CA15A /* FlixTests.m in Sources */ = {isa = PBXBuildFile; fileRef = 580658EB26838C46001CA15A /* FlixTests.m */; };
		580658F726838C46001CA15A /* FlixUITests.m in Sources */ = {isa = PBXBuildFile; fileRef = 580658F626838C46001CA15A /* FlixUITests.m */; };
		580659062683941B001CA15A /* MoviesViewController.m in Sources */ = {isa = PBXBuildFile; fileRef = 580659052683941B001CA15A /* MoviesViewController.m */; };
		5806590C2683A14D001CA15A /* MovieCell.m in Sources */ = {isa = PBXBuildFile; fileRef = 5806590B2683A14D001CA15A /* MovieCell.m */; };
		5806590F2683BC71001CA15A /* DetailsViewController.m in Sources */ = {isa = PBXBuildFile; fileRef = 5806590E2683BC71001CA15A /* DetailsViewController.m */; };
		580659122683C39C001CA15A /* MoviesGridViewController.m in Sources */ = {isa = PBXBuildFile; fileRef = 580659112683C39C001CA15A /* MoviesGridViewController.m */; };
		580659152683C571001CA15A /* MovieCollectionCell.m in Sources */ = {isa = PBXBuildFile; fileRef = 580659142683C571001CA15A /* MovieCollectionCell.m */; };
		580659182683D5CF001CA15A /* DetailsCollectionViewController.m in Sources */ = {isa = PBXBuildFile; fileRef = 580659172683D5CF001CA15A /* DetailsCollectionViewController.m */; };
		58CC00592684EEB70022EEAC /* VideoViewController.m in Sources */ = {isa = PBXBuildFile; fileRef = 58CC00582684EEB70022EEAC /* VideoViewController.m */; };
		58CC005B2684F0330022EEAC /* WebKit.framework in Frameworks */ = {isa = PBXBuildFile; fileRef = 58CC005A2684F0330022EEAC /* WebKit.framework */; };
		723414DB25E1DE49AAEDD4ED /* Pods_Flix.framework in Frameworks */ = {isa = PBXBuildFile; fileRef = 363034C73497403E4BDCBFC3 /* Pods_Flix.framework */; };
		BED99111DFB112EFFA9A6B59 /* Pods_Flix_FlixUITests.framework in Frameworks */ = {isa = PBXBuildFile; fileRef = 7D2287A9D63996FBC81EA69C /* Pods_Flix_FlixUITests.framework */; };
/* End PBXBuildFile section */

/* Begin PBXContainerItemProxy section */
		580658E826838C46001CA15A /* PBXContainerItemProxy */ = {
			isa = PBXContainerItemProxy;
			containerPortal = 580658C426838C45001CA15A /* Project object */;
			proxyType = 1;
			remoteGlobalIDString = 580658CB26838C45001CA15A;
			remoteInfo = Flix;
		};
		580658F326838C46001CA15A /* PBXContainerItemProxy */ = {
			isa = PBXContainerItemProxy;
			containerPortal = 580658C426838C45001CA15A /* Project object */;
			proxyType = 1;
			remoteGlobalIDString = 580658CB26838C45001CA15A;
			remoteInfo = Flix;
		};
/* End PBXContainerItemProxy section */

/* Begin PBXFileReference section */
		15B329F31B6365A3EF8CCFCB /* Pods-Flix.release.xcconfig */ = {isa = PBXFileReference; includeInIndex = 1; lastKnownFileType = text.xcconfig; name = "Pods-Flix.release.xcconfig"; path = "Target Support Files/Pods-Flix/Pods-Flix.release.xcconfig"; sourceTree = "<group>"; };
		331B9521B5169CBBA4175CEE /* Pods_FlixTests.framework */ = {isa = PBXFileReference; explicitFileType = wrapper.framework; includeInIndex = 0; path = Pods_FlixTests.framework; sourceTree = BUILT_PRODUCTS_DIR; };
		363034C73497403E4BDCBFC3 /* Pods_Flix.framework */ = {isa = PBXFileReference; explicitFileType = wrapper.framework; includeInIndex = 0; path = Pods_Flix.framework; sourceTree = BUILT_PRODUCTS_DIR; };
		4812DE639EBDE2BFA4C47E76 /* Pods-FlixTests.release.xcconfig */ = {isa = PBXFileReference; includeInIndex = 1; lastKnownFileType = text.xcconfig; name = "Pods-FlixTests.release.xcconfig"; path = "Target Support Files/Pods-FlixTests/Pods-FlixTests.release.xcconfig"; sourceTree = "<group>"; };
		4E36D9525A649939BF1DFEE1 /* Pods-Flix.debug.xcconfig */ = {isa = PBXFileReference; includeInIndex = 1; lastKnownFileType = text.xcconfig; name = "Pods-Flix.debug.xcconfig"; path = "Target Support Files/Pods-Flix/Pods-Flix.debug.xcconfig"; sourceTree = "<group>"; };
		52CF450E35A38EA4047C6D6D /* Pods-FlixTests.debug.xcconfig */ = {isa = PBXFileReference; includeInIndex = 1; lastKnownFileType = text.xcconfig; name = "Pods-FlixTests.debug.xcconfig"; path = "Target Support Files/Pods-FlixTests/Pods-FlixTests.debug.xcconfig"; sourceTree = "<group>"; };
		580658CC26838C45001CA15A /* Flix.app */ = {isa = PBXFileReference; explicitFileType = wrapper.application; includeInIndex = 0; path = Flix.app; sourceTree = BUILT_PRODUCTS_DIR; };
		580658CF26838C45001CA15A /* AppDelegate.h */ = {isa = PBXFileReference; lastKnownFileType = sourcecode.c.h; path = AppDelegate.h; sourceTree = "<group>"; };
		580658D026838C45001CA15A /* AppDelegate.m */ = {isa = PBXFileReference; lastKnownFileType = sourcecode.c.objc; path = AppDelegate.m; sourceTree = "<group>"; };
		580658D226838C45001CA15A /* SceneDelegate.h */ = {isa = PBXFileReference; lastKnownFileType = sourcecode.c.h; path = SceneDelegate.h; sourceTree = "<group>"; };
		580658D326838C45001CA15A /* SceneDelegate.m */ = {isa = PBXFileReference; lastKnownFileType = sourcecode.c.objc; path = SceneDelegate.m; sourceTree = "<group>"; };
		580658D926838C45001CA15A /* Base */ = {isa = PBXFileReference; lastKnownFileType = file.storyboard; name = Base; path = Base.lproj/Main.storyboard; sourceTree = "<group>"; };
		580658DB26838C46001CA15A /* Assets.xcassets */ = {isa = PBXFileReference; lastKnownFileType = folder.assetcatalog; path = Assets.xcassets; sourceTree = "<group>"; };
		580658DE26838C46001CA15A /* Base */ = {isa = PBXFileReference; lastKnownFileType = file.storyboard; name = Base; path = Base.lproj/LaunchScreen.storyboard; sourceTree = "<group>"; };
		580658E026838C46001CA15A /* Info.plist */ = {isa = PBXFileReference; lastKnownFileType = text.plist.xml; path = Info.plist; sourceTree = "<group>"; };
		580658E126838C46001CA15A /* main.m */ = {isa = PBXFileReference; lastKnownFileType = sourcecode.c.objc; path = main.m; sourceTree = "<group>"; };
		580658E726838C46001CA15A /* FlixTests.xctest */ = {isa = PBXFileReference; explicitFileType = wrapper.cfbundle; includeInIndex = 0; path = FlixTests.xctest; sourceTree = BUILT_PRODUCTS_DIR; };
		580658EB26838C46001CA15A /* FlixTests.m */ = {isa = PBXFileReference; lastKnownFileType = sourcecode.c.objc; path = FlixTests.m; sourceTree = "<group>"; };
		580658ED26838C46001CA15A /* Info.plist */ = {isa = PBXFileReference; lastKnownFileType = text.plist.xml; path = Info.plist; sourceTree = "<group>"; };
		580658F226838C46001CA15A /* FlixUITests.xctest */ = {isa = PBXFileReference; explicitFileType = wrapper.cfbundle; includeInIndex = 0; path = FlixUITests.xctest; sourceTree = BUILT_PRODUCTS_DIR; };
		580658F626838C46001CA15A /* FlixUITests.m */ = {isa = PBXFileReference; lastKnownFileType = sourcecode.c.objc; path = FlixUITests.m; sourceTree = "<group>"; };
		580658F826838C46001CA15A /* Info.plist */ = {isa = PBXFileReference; lastKnownFileType = text.plist.xml; path = Info.plist; sourceTree = "<group>"; };
		580659042683941B001CA15A /* MoviesViewController.h */ = {isa = PBXFileReference; lastKnownFileType = sourcecode.c.h; path = MoviesViewController.h; sourceTree = "<group>"; };
		580659052683941B001CA15A /* MoviesViewController.m */ = {isa = PBXFileReference; lastKnownFileType = sourcecode.c.objc; path = MoviesViewController.m; sourceTree = "<group>"; };
		5806590A2683A14D001CA15A /* MovieCell.h */ = {isa = PBXFileReference; lastKnownFileType = sourcecode.c.h; path = MovieCell.h; sourceTree = "<group>"; };
		5806590B2683A14D001CA15A /* MovieCell.m */ = {isa = PBXFileReference; lastKnownFileType = sourcecode.c.objc; path = MovieCell.m; sourceTree = "<group>"; };
		5806590D2683BC71001CA15A /* DetailsViewController.h */ = {isa = PBXFileReference; lastKnownFileType = sourcecode.c.h; path = DetailsViewController.h; sourceTree = "<group>"; };
		5806590E2683BC71001CA15A /* DetailsViewController.m */ = {isa = PBXFileReference; lastKnownFileType = sourcecode.c.objc; path = DetailsViewController.m; sourceTree = "<group>"; };
		580659102683C39C001CA15A /* MoviesGridViewController.h */ = {isa = PBXFileReference; lastKnownFileType = sourcecode.c.h; path = MoviesGridViewController.h; sourceTree = "<group>"; };
		580659112683C39C001CA15A /* MoviesGridViewController.m */ = {isa = PBXFileReference; lastKnownFileType = sourcecode.c.objc; path = MoviesGridViewController.m; sourceTree = "<group>"; };
		580659132683C571001CA15A /* MovieCollectionCell.h */ = {isa = PBXFileReference; lastKnownFileType = sourcecode.c.h; path = MovieCollectionCell.h; sourceTree = "<group>"; };
		580659142683C571001CA15A /* MovieCollectionCell.m */ = {isa = PBXFileReference; lastKnownFileType = sourcecode.c.objc; path = MovieCollectionCell.m; sourceTree = "<group>"; };
		580659162683D5CF001CA15A /* DetailsCollectionViewController.h */ = {isa = PBXFileReference; lastKnownFileType = sourcecode.c.h; path = DetailsCollectionViewController.h; sourceTree = "<group>"; };
		580659172683D5CF001CA15A /* DetailsCollectionViewController.m */ = {isa = PBXFileReference; lastKnownFileType = sourcecode.c.objc; path = DetailsCollectionViewController.m; sourceTree = "<group>"; };
		58CC00572684EEB70022EEAC /* VideoViewController.h */ = {isa = PBXFileReference; lastKnownFileType = sourcecode.c.h; path = VideoViewController.h; sourceTree = "<group>"; };
		58CC00582684EEB70022EEAC /* VideoViewController.m */ = {isa = PBXFileReference; lastKnownFileType = sourcecode.c.objc; path = VideoViewController.m; sourceTree = "<group>"; };
		58CC005A2684F0330022EEAC /* WebKit.framework */ = {isa = PBXFileReference; lastKnownFileType = wrapper.framework; name = WebKit.framework; path = System/Library/Frameworks/WebKit.framework; sourceTree = SDKROOT; };
		7D2287A9D63996FBC81EA69C /* Pods_Flix_FlixUITests.framework */ = {isa = PBXFileReference; explicitFileType = wrapper.framework; includeInIndex = 0; path = Pods_Flix_FlixUITests.framework; sourceTree = BUILT_PRODUCTS_DIR; };
		D3B1FA327A2E1FB0D5D1FA66 /* Pods-Flix-FlixUITests.debug.xcconfig */ = {isa = PBXFileReference; includeInIndex = 1; lastKnownFileType = text.xcconfig; name = "Pods-Flix-FlixUITests.debug.xcconfig"; path = "Target Support Files/Pods-Flix-FlixUITests/Pods-Flix-FlixUITests.debug.xcconfig"; sourceTree = "<group>"; };
		F96D56A9809D88A058543DD3 /* Pods-Flix-FlixUITests.release.xcconfig */ = {isa = PBXFileReference; includeInIndex = 1; lastKnownFileType = text.xcconfig; name = "Pods-Flix-FlixUITests.release.xcconfig"; path = "Target Support Files/Pods-Flix-FlixUITests/Pods-Flix-FlixUITests.release.xcconfig"; sourceTree = "<group>"; };
/* End PBXFileReference section */

/* Begin PBXFrameworksBuildPhase section */
		580658C926838C45001CA15A /* Frameworks */ = {
			isa = PBXFrameworksBuildPhase;
			buildActionMask = 2147483647;
			files = (
				58CC005B2684F0330022EEAC /* WebKit.framework in Frameworks */,
				723414DB25E1DE49AAEDD4ED /* Pods_Flix.framework in Frameworks */,
			);
			runOnlyForDeploymentPostprocessing = 0;
		};
		580658E426838C46001CA15A /* Frameworks */ = {
			isa = PBXFrameworksBuildPhase;
			buildActionMask = 2147483647;
			files = (
				24DA13FE7719B61041A872B7 /* Pods_FlixTests.framework in Frameworks */,
			);
			runOnlyForDeploymentPostprocessing = 0;
		};
		580658EF26838C46001CA15A /* Frameworks */ = {
			isa = PBXFrameworksBuildPhase;
			buildActionMask = 2147483647;
			files = (
				BED99111DFB112EFFA9A6B59 /* Pods_Flix_FlixUITests.framework in Frameworks */,
			);
			runOnlyForDeploymentPostprocessing = 0;
		};
/* End PBXFrameworksBuildPhase section */

/* Begin PBXGroup section */
		580658C326838C45001CA15A = {
			isa = PBXGroup;
			children = (
				580658CE26838C45001CA15A /* Flix */,
				580658EA26838C46001CA15A /* FlixTests */,
				580658F526838C46001CA15A /* FlixUITests */,
				580658CD26838C45001CA15A /* Products */,
				E6BF3106A12F02468F3E2241 /* Pods */,
				A51477FE41284CCF8C0043C5 /* Frameworks */,
			);
			sourceTree = "<group>";
		};
		580658CD26838C45001CA15A /* Products */ = {
			isa = PBXGroup;
			children = (
				580658CC26838C45001CA15A /* Flix.app */,
				580658E726838C46001CA15A /* FlixTests.xctest */,
				580658F226838C46001CA15A /* FlixUITests.xctest */,
			);
			name = Products;
			sourceTree = "<group>";
		};
		580658CE26838C45001CA15A /* Flix */ = {
			isa = PBXGroup;
			children = (
				58065909268394F2001CA15A /* Models */,
				58065908268394C7001CA15A /* Views */,
				58065907268394B9001CA15A /* View Controllers */,
				580658D026838C45001CA15A /* AppDelegate.m */,
				580658CF26838C45001CA15A /* AppDelegate.h */,
				580658D226838C45001CA15A /* SceneDelegate.h */,
				580658D326838C45001CA15A /* SceneDelegate.m */,
				580658D826838C45001CA15A /* Main.storyboard */,
				580658DB26838C46001CA15A /* Assets.xcassets */,
				580658DD26838C46001CA15A /* LaunchScreen.storyboard */,
				580658E026838C46001CA15A /* Info.plist */,
				580658E126838C46001CA15A /* main.m */,
			);
			path = Flix;
			sourceTree = "<group>";
		};
		580658EA26838C46001CA15A /* FlixTests */ = {
			isa = PBXGroup;
			children = (
				580658EB26838C46001CA15A /* FlixTests.m */,
				580658ED26838C46001CA15A /* Info.plist */,
			);
			path = FlixTests;
			sourceTree = "<group>";
		};
		580658F526838C46001CA15A /* FlixUITests */ = {
			isa = PBXGroup;
			children = (
				580658F626838C46001CA15A /* FlixUITests.m */,
				580658F826838C46001CA15A /* Info.plist */,
			);
			path = FlixUITests;
			sourceTree = "<group>";
		};
		58065907268394B9001CA15A /* View Controllers */ = {
			isa = PBXGroup;
			children = (
				580659052683941B001CA15A /* MoviesViewController.m */,
				580659042683941B001CA15A /* MoviesViewController.h */,
				5806590D2683BC71001CA15A /* DetailsViewController.h */,
				5806590E2683BC71001CA15A /* DetailsViewController.m */,
				580659102683C39C001CA15A /* MoviesGridViewController.h */,
				580659112683C39C001CA15A /* MoviesGridViewController.m */,
				580659162683D5CF001CA15A /* DetailsCollectionViewController.h */,
				580659172683D5CF001CA15A /* DetailsCollectionViewController.m */,
				58CC00572684EEB70022EEAC /* VideoViewController.h */,
				58CC00582684EEB70022EEAC /* VideoViewController.m */,
			);
			path = "View Controllers";
			sourceTree = "<group>";
		};
		58065908268394C7001CA15A /* Views */ = {
			isa = PBXGroup;
			children = (
				5806590A2683A14D001CA15A /* MovieCell.h */,
				5806590B2683A14D001CA15A /* MovieCell.m */,
				580659132683C571001CA15A /* MovieCollectionCell.h */,
				580659142683C571001CA15A /* MovieCollectionCell.m */,
			);
			path = Views;
			sourceTree = "<group>";
		};
		58065909268394F2001CA15A /* Models */ = {
			isa = PBXGroup;
			children = (
			);
			path = Models;
			sourceTree = "<group>";
		};
		A51477FE41284CCF8C0043C5 /* Frameworks */ = {
			isa = PBXGroup;
			children = (
				58CC005A2684F0330022EEAC /* WebKit.framework */,
				363034C73497403E4BDCBFC3 /* Pods_Flix.framework */,
				7D2287A9D63996FBC81EA69C /* Pods_Flix_FlixUITests.framework */,
				331B9521B5169CBBA4175CEE /* Pods_FlixTests.framework */,
			);
			name = Frameworks;
			sourceTree = "<group>";
		};
		E6BF3106A12F02468F3E2241 /* Pods */ = {
			isa = PBXGroup;
			children = (
				4E36D9525A649939BF1DFEE1 /* Pods-Flix.debug.xcconfig */,
				15B329F31B6365A3EF8CCFCB /* Pods-Flix.release.xcconfig */,
				D3B1FA327A2E1FB0D5D1FA66 /* Pods-Flix-FlixUITests.debug.xcconfig */,
				F96D56A9809D88A058543DD3 /* Pods-Flix-FlixUITests.release.xcconfig */,
				52CF450E35A38EA4047C6D6D /* Pods-FlixTests.debug.xcconfig */,
				4812DE639EBDE2BFA4C47E76 /* Pods-FlixTests.release.xcconfig */,
			);
			path = Pods;
			sourceTree = "<group>";
		};
/* End PBXGroup section */

/* Begin PBXNativeTarget section */
		580658CB26838C45001CA15A /* Flix */ = {
			isa = PBXNativeTarget;
			buildConfigurationList = 580658FB26838C46001CA15A /* Build configuration list for PBXNativeTarget "Flix" */;
			buildPhases = (
				A49C251377C5C41867A11714 /* [CP] Check Pods Manifest.lock */,
				580658C826838C45001CA15A /* Sources */,
				580658C926838C45001CA15A /* Frameworks */,
				580658CA26838C45001CA15A /* Resources */,
				7E7F63F2D82CC8C0B2BB3EC3 /* [CP] Embed Pods Frameworks */,
			);
			buildRules = (
			);
			dependencies = (
			);
			name = Flix;
			productName = Flix;
			productReference = 580658CC26838C45001CA15A /* Flix.app */;
			productType = "com.apple.product-type.application";
		};
		580658E626838C46001CA15A /* FlixTests */ = {
			isa = PBXNativeTarget;
			buildConfigurationList = 580658FE26838C46001CA15A /* Build configuration list for PBXNativeTarget "FlixTests" */;
			buildPhases = (
				F94A8C3EEE2E05E0EFD9E252 /* [CP] Check Pods Manifest.lock */,
				580658E326838C46001CA15A /* Sources */,
				580658E426838C46001CA15A /* Frameworks */,
				580658E526838C46001CA15A /* Resources */,
			);
			buildRules = (
			);
			dependencies = (
				580658E926838C46001CA15A /* PBXTargetDependency */,
			);
			name = FlixTests;
			productName = FlixTests;
			productReference = 580658E726838C46001CA15A /* FlixTests.xctest */;
			productType = "com.apple.product-type.bundle.unit-test";
		};
		580658F126838C46001CA15A /* FlixUITests */ = {
			isa = PBXNativeTarget;
			buildConfigurationList = 5806590126838C46001CA15A /* Build configuration list for PBXNativeTarget "FlixUITests" */;
			buildPhases = (
				1B3B49AE96C1B12F51A49022 /* [CP] Check Pods Manifest.lock */,
				580658EE26838C46001CA15A /* Sources */,
				580658EF26838C46001CA15A /* Frameworks */,
				580658F026838C46001CA15A /* Resources */,
				104BAD1BB1C8E37175210043 /* [CP] Embed Pods Frameworks */,
			);
			buildRules = (
			);
			dependencies = (
				580658F426838C46001CA15A /* PBXTargetDependency */,
			);
			name = FlixUITests;
			productName = FlixUITests;
			productReference = 580658F226838C46001CA15A /* FlixUITests.xctest */;
			productType = "com.apple.product-type.bundle.ui-testing";
		};
/* End PBXNativeTarget section */

/* Begin PBXProject section */
		580658C426838C45001CA15A /* Project object */ = {
			isa = PBXProject;
			attributes = {
				LastUpgradeCheck = 1250;
				TargetAttributes = {
					580658CB26838C45001CA15A = {
						CreatedOnToolsVersion = 12.5.1;
					};
					580658E626838C46001CA15A = {
						CreatedOnToolsVersion = 12.5.1;
						TestTargetID = 580658CB26838C45001CA15A;
					};
					580658F126838C46001CA15A = {
						CreatedOnToolsVersion = 12.5.1;
						TestTargetID = 580658CB26838C45001CA15A;
					};
				};
			};
			buildConfigurationList = 580658C726838C45001CA15A /* Build configuration list for PBXProject "Flix" */;
			compatibilityVersion = "Xcode 9.3";
			developmentRegion = en;
			hasScannedForEncodings = 0;
			knownRegions = (
				en,
				Base,
			);
			mainGroup = 580658C326838C45001CA15A;
			productRefGroup = 580658CD26838C45001CA15A /* Products */;
			projectDirPath = "";
			projectRoot = "";
			targets = (
				580658CB26838C45001CA15A /* Flix */,
				580658E626838C46001CA15A /* FlixTests */,
				580658F126838C46001CA15A /* FlixUITests */,
			);
		};
/* End PBXProject section */

/* Begin PBXResourcesBuildPhase section */
		580658CA26838C45001CA15A /* Resources */ = {
			isa = PBXResourcesBuildPhase;
			buildActionMask = 2147483647;
			files = (
				580658DF26838C46001CA15A /* LaunchScreen.storyboard in Resources */,
				580658DC26838C46001CA15A /* Assets.xcassets in Resources */,
				580658DA26838C45001CA15A /* Main.storyboard in Resources */,
			);
			runOnlyForDeploymentPostprocessing = 0;
		};
		580658E526838C46001CA15A /* Resources */ = {
			isa = PBXResourcesBuildPhase;
			buildActionMask = 2147483647;
			files = (
			);
			runOnlyForDeploymentPostprocessing = 0;
		};
		580658F026838C46001CA15A /* Resources */ = {
			isa = PBXResourcesBuildPhase;
			buildActionMask = 2147483647;
			files = (
			);
			runOnlyForDeploymentPostprocessing = 0;
		};
/* End PBXResourcesBuildPhase section */

/* Begin PBXShellScriptBuildPhase section */
		104BAD1BB1C8E37175210043 /* [CP] Embed Pods Frameworks */ = {
			isa = PBXShellScriptBuildPhase;
			buildActionMask = 2147483647;
			files = (
			);
			inputFileListPaths = (
				"${PODS_ROOT}/Target Support Files/Pods-Flix-FlixUITests/Pods-Flix-FlixUITests-frameworks-${CONFIGURATION}-input-files.xcfilelist",
			);
			name = "[CP] Embed Pods Frameworks";
			outputFileListPaths = (
				"${PODS_ROOT}/Target Support Files/Pods-Flix-FlixUITests/Pods-Flix-FlixUITests-frameworks-${CONFIGURATION}-output-files.xcfilelist",
			);
			runOnlyForDeploymentPostprocessing = 0;
			shellPath = /bin/sh;
			shellScript = "\"${PODS_ROOT}/Target Support Files/Pods-Flix-FlixUITests/Pods-Flix-FlixUITests-frameworks.sh\"\n";
			showEnvVarsInLog = 0;
		};
		1B3B49AE96C1B12F51A49022 /* [CP] Check Pods Manifest.lock */ = {
			isa = PBXShellScriptBuildPhase;
			buildActionMask = 2147483647;
			files = (
			);
			inputFileListPaths = (
			);
			inputPaths = (
				"${PODS_PODFILE_DIR_PATH}/Podfile.lock",
				"${PODS_ROOT}/Manifest.lock",
			);
			name = "[CP] Check Pods Manifest.lock";
			outputFileListPaths = (
			);
			outputPaths = (
				"$(DERIVED_FILE_DIR)/Pods-Flix-FlixUITests-checkManifestLockResult.txt",
			);
			runOnlyForDeploymentPostprocessing = 0;
			shellPath = /bin/sh;
			shellScript = "diff \"${PODS_PODFILE_DIR_PATH}/Podfile.lock\" \"${PODS_ROOT}/Manifest.lock\" > /dev/null\nif [ $? != 0 ] ; then\n    # print error to STDERR\n    echo \"error: The sandbox is not in sync with the Podfile.lock. Run 'pod install' or update your CocoaPods installation.\" >&2\n    exit 1\nfi\n# This output is used by Xcode 'outputs' to avoid re-running this script phase.\necho \"SUCCESS\" > \"${SCRIPT_OUTPUT_FILE_0}\"\n";
			showEnvVarsInLog = 0;
		};
		7E7F63F2D82CC8C0B2BB3EC3 /* [CP] Embed Pods Frameworks */ = {
			isa = PBXShellScriptBuildPhase;
			buildActionMask = 2147483647;
			files = (
			);
			inputFileListPaths = (
				"${PODS_ROOT}/Target Support Files/Pods-Flix/Pods-Flix-frameworks-${CONFIGURATION}-input-files.xcfilelist",
			);
			name = "[CP] Embed Pods Frameworks";
			outputFileListPaths = (
				"${PODS_ROOT}/Target Support Files/Pods-Flix/Pods-Flix-frameworks-${CONFIGURATION}-output-files.xcfilelist",
			);
			runOnlyForDeploymentPostprocessing = 0;
			shellPath = /bin/sh;
			shellScript = "\"${PODS_ROOT}/Target Support Files/Pods-Flix/Pods-Flix-frameworks.sh\"\n";
			showEnvVarsInLog = 0;
		};
		A49C251377C5C41867A11714 /* [CP] Check Pods Manifest.lock */ = {
			isa = PBXShellScriptBuildPhase;
			buildActionMask = 2147483647;
			files = (
			);
			inputFileListPaths = (
			);
			inputPaths = (
				"${PODS_PODFILE_DIR_PATH}/Podfile.lock",
				"${PODS_ROOT}/Manifest.lock",
			);
			name = "[CP] Check Pods Manifest.lock";
			outputFileListPaths = (
			);
			outputPaths = (
				"$(DERIVED_FILE_DIR)/Pods-Flix-checkManifestLockResult.txt",
			);
			runOnlyForDeploymentPostprocessing = 0;
			shellPath = /bin/sh;
			shellScript = "diff \"${PODS_PODFILE_DIR_PATH}/Podfile.lock\" \"${PODS_ROOT}/Manifest.lock\" > /dev/null\nif [ $? != 0 ] ; then\n    # print error to STDERR\n    echo \"error: The sandbox is not in sync with the Podfile.lock. Run 'pod install' or update your CocoaPods installation.\" >&2\n    exit 1\nfi\n# This output is used by Xcode 'outputs' to avoid re-running this script phase.\necho \"SUCCESS\" > \"${SCRIPT_OUTPUT_FILE_0}\"\n";
			showEnvVarsInLog = 0;
		};
		F94A8C3EEE2E05E0EFD9E252 /* [CP] Check Pods Manifest.lock */ = {
			isa = PBXShellScriptBuildPhase;
			buildActionMask = 2147483647;
			files = (
			);
			inputFileListPaths = (
			);
			inputPaths = (
				"${PODS_PODFILE_DIR_PATH}/Podfile.lock",
				"${PODS_ROOT}/Manifest.lock",
			);
			name = "[CP] Check Pods Manifest.lock";
			outputFileListPaths = (
			);
			outputPaths = (
				"$(DERIVED_FILE_DIR)/Pods-FlixTests-checkManifestLockResult.txt",
			);
			runOnlyForDeploymentPostprocessing = 0;
			shellPath = /bin/sh;
			shellScript = "diff \"${PODS_PODFILE_DIR_PATH}/Podfile.lock\" \"${PODS_ROOT}/Manifest.lock\" > /dev/null\nif [ $? != 0 ] ; then\n    # print error to STDERR\n    echo \"error: The sandbox is not in sync with the Podfile.lock. Run 'pod install' or update your CocoaPods installation.\" >&2\n    exit 1\nfi\n# This output is used by Xcode 'outputs' to avoid re-running this script phase.\necho \"SUCCESS\" > \"${SCRIPT_OUTPUT_FILE_0}\"\n";
			showEnvVarsInLog = 0;
		};
/* End PBXShellScriptBuildPhase section */

/* Begin PBXSourcesBuildPhase section */
		580658C826838C45001CA15A /* Sources */ = {
			isa = PBXSourcesBuildPhase;
			buildActionMask = 2147483647;
			files = (
				58CC00592684EEB70022EEAC /* VideoViewController.m in Sources */,
				580659182683D5CF001CA15A /* DetailsCollectionViewController.m in Sources */,
				580658D126838C45001CA15A /* AppDelegate.m in Sources */,
				5806590C2683A14D001CA15A /* MovieCell.m in Sources */,
				580659062683941B001CA15A /* MoviesViewController.m in Sources */,
				5806590F2683BC71001CA15A /* DetailsViewController.m in Sources */,
				580659152683C571001CA15A /* MovieCollectionCell.m in Sources */,
				580658E226838C46001CA15A /* main.m in Sources */,
				580658D426838C45001CA15A /* SceneDelegate.m in Sources */,
				580659122683C39C001CA15A /* MoviesGridViewController.m in Sources */,
			);
			runOnlyForDeploymentPostprocessing = 0;
		};
		580658E326838C46001CA15A /* Sources */ = {
			isa = PBXSourcesBuildPhase;
			buildActionMask = 2147483647;
			files = (
				580658EC26838C46001CA15A /* FlixTests.m in Sources */,
			);
			runOnlyForDeploymentPostprocessing = 0;
		};
		580658EE26838C46001CA15A /* Sources */ = {
			isa = PBXSourcesBuildPhase;
			buildActionMask = 2147483647;
			files = (
				580658F726838C46001CA15A /* FlixUITests.m in Sources */,
			);
			runOnlyForDeploymentPostprocessing = 0;
		};
/* End PBXSourcesBuildPhase section */

/* Begin PBXTargetDependency section */
		580658E926838C46001CA15A /* PBXTargetDependency */ = {
			isa = PBXTargetDependency;
			target = 580658CB26838C45001CA15A /* Flix */;
			targetProxy = 580658E826838C46001CA15A /* PBXContainerItemProxy */;
		};
		580658F426838C46001CA15A /* PBXTargetDependency */ = {
			isa = PBXTargetDependency;
			target = 580658CB26838C45001CA15A /* Flix */;
			targetProxy = 580658F326838C46001CA15A /* PBXContainerItemProxy */;
		};
/* End PBXTargetDependency section */

/* Begin PBXVariantGroup section */
		580658D826838C45001CA15A /* Main.storyboard */ = {
			isa = PBXVariantGroup;
			children = (
				580658D926838C45001CA15A /* Base */,
			);
			name = Main.storyboard;
			sourceTree = "<group>";
		};
		580658DD26838C46001CA15A /* LaunchScreen.storyboard */ = {
			isa = PBXVariantGroup;
			children = (
				580658DE26838C46001CA15A /* Base */,
			);
			name = LaunchScreen.storyboard;
			sourceTree = "<group>";
		};
/* End PBXVariantGroup section */

/* Begin XCBuildConfiguration section */
		580658F926838C46001CA15A /* Debug */ = {
			isa = XCBuildConfiguration;
			buildSettings = {
				ALWAYS_SEARCH_USER_PATHS = NO;
				CLANG_ANALYZER_NONNULL = YES;
				CLANG_ANALYZER_NUMBER_OBJECT_CONVERSION = YES_AGGRESSIVE;
				CLANG_CXX_LANGUAGE_STANDARD = "gnu++14";
				CLANG_CXX_LIBRARY = "libc++";
				CLANG_ENABLE_MODULES = YES;
				CLANG_ENABLE_OBJC_ARC = YES;
				CLANG_ENABLE_OBJC_WEAK = YES;
				CLANG_WARN_BLOCK_CAPTURE_AUTORELEASING = YES;
				CLANG_WARN_BOOL_CONVERSION = YES;
				CLANG_WARN_COMMA = YES;
				CLANG_WARN_CONSTANT_CONVERSION = YES;
				CLANG_WARN_DEPRECATED_OBJC_IMPLEMENTATIONS = YES;
				CLANG_WARN_DIRECT_OBJC_ISA_USAGE = YES_ERROR;
				CLANG_WARN_DOCUMENTATION_COMMENTS = YES;
				CLANG_WARN_EMPTY_BODY = YES;
				CLANG_WARN_ENUM_CONVERSION = YES;
				CLANG_WARN_INFINITE_RECURSION = YES;
				CLANG_WARN_INT_CONVERSION = YES;
				CLANG_WARN_NON_LITERAL_NULL_CONVERSION = YES;
				CLANG_WARN_OBJC_IMPLICIT_RETAIN_SELF = YES;
				CLANG_WARN_OBJC_LITERAL_CONVERSION = YES;
				CLANG_WARN_OBJC_ROOT_CLASS = YES_ERROR;
				CLANG_WARN_QUOTED_INCLUDE_IN_FRAMEWORK_HEADER = YES;
				CLANG_WARN_RANGE_LOOP_ANALYSIS = YES;
				CLANG_WARN_STRICT_PROTOTYPES = YES;
				CLANG_WARN_SUSPICIOUS_MOVE = YES;
				CLANG_WARN_UNGUARDED_AVAILABILITY = YES_AGGRESSIVE;
				CLANG_WARN_UNREACHABLE_CODE = YES;
				CLANG_WARN__DUPLICATE_METHOD_MATCH = YES;
				COPY_PHASE_STRIP = NO;
				DEBUG_INFORMATION_FORMAT = dwarf;
				ENABLE_STRICT_OBJC_MSGSEND = YES;
				ENABLE_TESTABILITY = YES;
				GCC_C_LANGUAGE_STANDARD = gnu11;
				GCC_DYNAMIC_NO_PIC = NO;
				GCC_NO_COMMON_BLOCKS = YES;
				GCC_OPTIMIZATION_LEVEL = 0;
				GCC_PREPROCESSOR_DEFINITIONS = (
					"DEBUG=1",
					"$(inherited)",
				);
				GCC_WARN_64_TO_32_BIT_CONVERSION = YES;
				GCC_WARN_ABOUT_RETURN_TYPE = YES_ERROR;
				GCC_WARN_UNDECLARED_SELECTOR = YES;
				GCC_WARN_UNINITIALIZED_AUTOS = YES_AGGRESSIVE;
				GCC_WARN_UNUSED_FUNCTION = YES;
				GCC_WARN_UNUSED_VARIABLE = YES;
				IPHONEOS_DEPLOYMENT_TARGET = 14.5;
				MTL_ENABLE_DEBUG_INFO = INCLUDE_SOURCE;
				MTL_FAST_MATH = YES;
				ONLY_ACTIVE_ARCH = YES;
				SDKROOT = iphoneos;
			};
			name = Debug;
		};
		580658FA26838C46001CA15A /* Release */ = {
			isa = XCBuildConfiguration;
			buildSettings = {
				ALWAYS_SEARCH_USER_PATHS = NO;
				CLANG_ANALYZER_NONNULL = YES;
				CLANG_ANALYZER_NUMBER_OBJECT_CONVERSION = YES_AGGRESSIVE;
				CLANG_CXX_LANGUAGE_STANDARD = "gnu++14";
				CLANG_CXX_LIBRARY = "libc++";
				CLANG_ENABLE_MODULES = YES;
				CLANG_ENABLE_OBJC_ARC = YES;
				CLANG_ENABLE_OBJC_WEAK = YES;
				CLANG_WARN_BLOCK_CAPTURE_AUTORELEASING = YES;
				CLANG_WARN_BOOL_CONVERSION = YES;
				CLANG_WARN_COMMA = YES;
				CLANG_WARN_CONSTANT_CONVERSION = YES;
				CLANG_WARN_DEPRECATED_OBJC_IMPLEMENTATIONS = YES;
				CLANG_WARN_DIRECT_OBJC_ISA_USAGE = YES_ERROR;
				CLANG_WARN_DOCUMENTATION_COMMENTS = YES;
				CLANG_WARN_EMPTY_BODY = YES;
				CLANG_WARN_ENUM_CONVERSION = YES;
				CLANG_WARN_INFINITE_RECURSION = YES;
				CLANG_WARN_INT_CONVERSION = YES;
				CLANG_WARN_NON_LITERAL_NULL_CONVERSION = YES;
				CLANG_WARN_OBJC_IMPLICIT_RETAIN_SELF = YES;
				CLANG_WARN_OBJC_LITERAL_CONVERSION = YES;
				CLANG_WARN_OBJC_ROOT_CLASS = YES_ERROR;
				CLANG_WARN_QUOTED_INCLUDE_IN_FRAMEWORK_HEADER = YES;
				CLANG_WARN_RANGE_LOOP_ANALYSIS = YES;
				CLANG_WARN_STRICT_PROTOTYPES = YES;
				CLANG_WARN_SUSPICIOUS_MOVE = YES;
				CLANG_WARN_UNGUARDED_AVAILABILITY = YES_AGGRESSIVE;
				CLANG_WARN_UNREACHABLE_CODE = YES;
				CLANG_WARN__DUPLICATE_METHOD_MATCH = YES;
				COPY_PHASE_STRIP = NO;
				DEBUG_INFORMATION_FORMAT = "dwarf-with-dsym";
				ENABLE_NS_ASSERTIONS = NO;
				ENABLE_STRICT_OBJC_MSGSEND = YES;
				GCC_C_LANGUAGE_STANDARD = gnu11;
				GCC_NO_COMMON_BLOCKS = YES;
				GCC_WARN_64_TO_32_BIT_CONVERSION = YES;
				GCC_WARN_ABOUT_RETURN_TYPE = YES_ERROR;
				GCC_WARN_UNDECLARED_SELECTOR = YES;
				GCC_WARN_UNINITIALIZED_AUTOS = YES_AGGRESSIVE;
				GCC_WARN_UNUSED_FUNCTION = YES;
				GCC_WARN_UNUSED_VARIABLE = YES;
				IPHONEOS_DEPLOYMENT_TARGET = 14.5;
				MTL_ENABLE_DEBUG_INFO = NO;
				MTL_FAST_MATH = YES;
				SDKROOT = iphoneos;
				VALIDATE_PRODUCT = YES;
			};
			name = Release;
		};
		580658FC26838C46001CA15A /* Debug */ = {
			isa = XCBuildConfiguration;
			baseConfigurationReference = 4E36D9525A649939BF1DFEE1 /* Pods-Flix.debug.xcconfig */;
			buildSettings = {
				ASSETCATALOG_COMPILER_APPICON_NAME = AppIcon;
				ASSETCATALOG_COMPILER_GLOBAL_ACCENT_COLOR_NAME = AccentColor;
				CODE_SIGN_STYLE = Automatic;
				DEVELOPMENT_TEAM = 263FXLA8F5;
				INFOPLIST_FILE = Flix/Info.plist;
				LD_RUNPATH_SEARCH_PATHS = (
					"$(inherited)",
					"@executable_path/Frameworks",
				);
				PRODUCT_BUNDLE_IDENTIFIER = com.melo2902.Flix;
				PRODUCT_NAME = "$(TARGET_NAME)";
				TARGETED_DEVICE_FAMILY = "1,2";
			};
			name = Debug;
		};
		580658FD26838C46001CA15A /* Release */ = {
			isa = XCBuildConfiguration;
			baseConfigurationReference = 15B329F31B6365A3EF8CCFCB /* Pods-Flix.release.xcconfig */;
			buildSettings = {
				ASSETCATALOG_COMPILER_APPICON_NAME = AppIcon;
				ASSETCATALOG_COMPILER_GLOBAL_ACCENT_COLOR_NAME = AccentColor;
				CODE_SIGN_STYLE = Automatic;
				DEVELOPMENT_TEAM = 263FXLA8F5;
				INFOPLIST_FILE = Flix/Info.plist;
				LD_RUNPATH_SEARCH_PATHS = (
					"$(inherited)",
					"@executable_path/Frameworks",
				);
				PRODUCT_BUNDLE_IDENTIFIER = com.melo2902.Flix;
				PRODUCT_NAME = "$(TARGET_NAME)";
				TARGETED_DEVICE_FAMILY = "1,2";
			};
			name = Release;
		};
		580658FF26838C46001CA15A /* Debug */ = {
			isa = XCBuildConfiguration;
			baseConfigurationReference = 52CF450E35A38EA4047C6D6D /* Pods-FlixTests.debug.xcconfig */;
			buildSettings = {
				BUNDLE_LOADER = "$(TEST_HOST)";
				CODE_SIGN_STYLE = Automatic;
				DEVELOPMENT_TEAM = 263FXLA8F5;
				INFOPLIST_FILE = FlixTests/Info.plist;
				IPHONEOS_DEPLOYMENT_TARGET = 14.5;
				LD_RUNPATH_SEARCH_PATHS = (
					"$(inherited)",
					"@executable_path/Frameworks",
					"@loader_path/Frameworks",
				);
				PRODUCT_BUNDLE_IDENTIFIER = com.melo2902.FlixTests;
				PRODUCT_NAME = "$(TARGET_NAME)";
				TARGETED_DEVICE_FAMILY = "1,2";
				TEST_HOST = "$(BUILT_PRODUCTS_DIR)/Flix.app/Flix";
			};
			name = Debug;
		};
		5806590026838C46001CA15A /* Release */ = {
			isa = XCBuildConfiguration;
			baseConfigurationReference = 4812DE639EBDE2BFA4C47E76 /* Pods-FlixTests.release.xcconfig */;
			buildSettings = {
				BUNDLE_LOADER = "$(TEST_HOST)";
				CODE_SIGN_STYLE = Automatic;
				DEVELOPMENT_TEAM = 263FXLA8F5;
				INFOPLIST_FILE = FlixTests/Info.plist;
				IPHONEOS_DEPLOYMENT_TARGET = 14.5;
				LD_RUNPATH_SEARCH_PATHS = (
					"$(inherited)",
					"@executable_path/Frameworks",
					"@loader_path/Frameworks",
				);
				PRODUCT_BUNDLE_IDENTIFIER = com.melo2902.FlixTests;
				PRODUCT_NAME = "$(TARGET_NAME)";
				TARGETED_DEVICE_FAMILY = "1,2";
				TEST_HOST = "$(BUILT_PRODUCTS_DIR)/Flix.app/Flix";
			};
			name = Release;
		};
		5806590226838C46001CA15A /* Debug */ = {
			isa = XCBuildConfiguration;
			baseConfigurationReference = D3B1FA327A2E1FB0D5D1FA66 /* Pods-Flix-FlixUITests.debug.xcconfig */;
			buildSettings = {
				CODE_SIGN_STYLE = Automatic;
				DEVELOPMENT_TEAM = 263FXLA8F5;
				INFOPLIST_FILE = FlixUITests/Info.plist;
				LD_RUNPATH_SEARCH_PATHS = (
					"$(inherited)",
					"@executable_path/Frameworks",
					"@loader_path/Frameworks",
				);
				PRODUCT_BUNDLE_IDENTIFIER = com.melo2902.FlixUITests;
				PRODUCT_NAME = "$(TARGET_NAME)";
				TARGETED_DEVICE_FAMILY = "1,2";
				TEST_TARGET_NAME = Flix;
			};
			name = Debug;
		};
		5806590326838C46001CA15A /* Release */ = {
			isa = XCBuildConfiguration;
			baseConfigurationReference = F96D56A9809D88A058543DD3 /* Pods-Flix-FlixUITests.release.xcconfig */;
			buildSettings = {
				CODE_SIGN_STYLE = Automatic;
				DEVELOPMENT_TEAM = 263FXLA8F5;
				INFOPLIST_FILE = FlixUITests/Info.plist;
				LD_RUNPATH_SEARCH_PATHS = (
					"$(inherited)",
					"@executable_path/Frameworks",
					"@loader_path/Frameworks",
				);
				PRODUCT_BUNDLE_IDENTIFIER = com.melo2902.FlixUITests;
				PRODUCT_NAME = "$(TARGET_NAME)";
				TARGETED_DEVICE_FAMILY = "1,2";
				TEST_TARGET_NAME = Flix;
			};
			name = Release;
		};
/* End XCBuildConfiguration section */

/* Begin XCConfigurationList section */
		580658C726838C45001CA15A /* Build configuration list for PBXProject "Flix" */ = {
			isa = XCConfigurationList;
			buildConfigurations = (
				580658F926838C46001CA15A /* Debug */,
				580658FA26838C46001CA15A /* Release */,
			);
			defaultConfigurationIsVisible = 0;
			defaultConfigurationName = Release;
		};
		580658FB26838C46001CA15A /* Build configuration list for PBXNativeTarget "Flix" */ = {
			isa = XCConfigurationList;
			buildConfigurations = (
				580658FC26838C46001CA15A /* Debug */,
				580658FD26838C46001CA15A /* Release */,
			);
			defaultConfigurationIsVisible = 0;
			defaultConfigurationName = Release;
		};
		580658FE26838C46001CA15A /* Build configuration list for PBXNativeTarget "FlixTests" */ = {
			isa = XCConfigurationList;
			buildConfigurations = (
				580658FF26838C46001CA15A /* Debug */,
				5806590026838C46001CA15A /* Release */,
			);
			defaultConfigurationIsVisible = 0;
			defaultConfigurationName = Release;
		};
		5806590126838C46001CA15A /* Build configuration list for PBXNativeTarget "FlixUITests" */ = {
			isa = XCConfigurationList;
			buildConfigurations = (
				5806590226838C46001CA15A /* Debug */,
				5806590326838C46001CA15A /* Release */,
			);
			defaultConfigurationIsVisible = 0;
			defaultConfigurationName = Release;
		};
/* End XCConfigurationList section */
	};
	rootObject = 580658C426838C45001CA15A /* Project object */;
}
